{
  "nodes": {
    "apple-silicon-support": {
      "inputs": {
        "flake-compat": "flake-compat",
        "nixpkgs": "nixpkgs"
      },
      "locked": {
        "lastModified": 1740604961,
        "narHash": "sha256-eQ7rNsobZem4b82jGLvORfVmUHU4gO5vc41F+hATj/w=",
        "owner": "zzywysm",
        "repo": "nixos-asahi",
        "rev": "6ce92714c9a34a96b13fac54d08b60bac41d65b9",
        "type": "github"
      },
      "original": {
        "owner": "zzywysm",
        "repo": "nixos-asahi",
        "type": "github"
      }
    },
    "editor-integration-nvim": {
      "flake": false,
      "locked": {
        "lastModified": 1739631672,
        "narHash": "sha256-IHOCy46QreubG/Uf9JQ9QJnIf0tfCGV87GhZ2oTAwL0=",
        "owner": "aiken-lang",
        "repo": "editor-integration-nvim",
        "rev": "31bd5f258c2ecc759ab03d7dc5875a9fb70c5bdc",
        "type": "github"
      },
      "original": {
        "owner": "aiken-lang",
        "repo": "editor-integration-nvim",
        "type": "github"
      }
    },
    "flake-compat": {
      "locked": {
        "lastModified": 1688025799,
        "narHash": "sha256-ktpB4dRtnksm9F5WawoIkEneh1nrEvuxb5lJFt1iOyw=",
        "owner": "nix-community",
        "repo": "flake-compat",
        "rev": "8bf105319d44f6b9f0d764efa4fdef9f1cc9ba1c",
        "type": "github"
      },
      "original": {
        "owner": "nix-community",
        "repo": "flake-compat",
        "type": "github"
      }
    },
    "flake-compat_2": {
      "flake": false,
      "locked": {
        "lastModified": 1746162366,
        "narHash": "sha256-5SSSZ/oQkwfcAz/o/6TlejlVGqeK08wyREBQ5qFFPhM=",
        "owner": "nix-community",
        "repo": "flake-compat",
        "rev": "0f158086a2ecdbb138cd0429410e44994f1b7e4b",
        "type": "github"
      },
      "original": {
        "owner": "nix-community",
        "repo": "flake-compat",
        "type": "github"
      }
    },
    "flake-parts": {
      "inputs": {
        "nixpkgs-lib": [
          "nur",
          "nixpkgs"
        ]
      },
      "locked": {
        "lastModified": 1733312601,
        "narHash": "sha256-4pDvzqnegAfRkPwO3wmwBhVi/Sye1mzps0zHWYnP88c=",
        "owner": "hercules-ci",
        "repo": "flake-parts",
        "rev": "205b12d8b7cd4802fbcb8e8ef6a0f1408781a4f9",
        "type": "github"
      },
      "original": {
        "owner": "hercules-ci",
        "repo": "flake-parts",
        "type": "github"
      }
    },
    "home-manager": {
      "inputs": {
        "nixpkgs": [
          "nixpkgs"
        ]
      },
      "locked": {
        "lastModified": 1748665073,
        "narHash": "sha256-RMhjnPKWtCoIIHiuR9QKD7xfsKb3agxzMfJY8V9MOew=",
        "owner": "nix-community",
        "repo": "home-manager",
        "rev": "282e1e029cb6ab4811114fc85110613d72771dea",
        "type": "github"
      },
      "original": {
        "owner": "nix-community",
        "ref": "release-25.05",
        "repo": "home-manager",
        "type": "github"
      }
    },
    "nixos-cosmic": {
      "inputs": {
        "flake-compat": "flake-compat_2",
        "nixpkgs": [
          "nixpkgs"
        ],
        "nixpkgs-stable": "nixpkgs-stable",
        "rust-overlay": "rust-overlay"
      },
      "locked": {
        "lastModified": 1748776124,
        "narHash": "sha256-vs2cMCHX9wnWJutXhQyWkWOpMF/Xbw0ZAUAFGsKLifA=",
        "owner": "lilyinstarlight",
        "repo": "nixos-cosmic",
        "rev": "e989a41092f6f0375e7afb789bc97cb30d01fdb8",
        "type": "github"
      },
      "original": {
        "owner": "lilyinstarlight",
        "repo": "nixos-cosmic",
        "type": "github"
      }
    },
    "nixos-hardware": {
      "locked": {
        "lastModified": 1748634340,
        "narHash": "sha256-pZH4bqbOd8S+si6UcfjHovWDiWKiIGRNRMpmRWaDIms=",
        "owner": "nixos",
        "repo": "nixos-hardware",
        "rev": "daa628a725ab4948e0e2b795e8fb6f4c3e289a7a",
        "type": "github"
      },
      "original": {
        "owner": "nixos",
        "ref": "master",
        "repo": "nixos-hardware",
        "type": "github"
      }
    },
    "nixpkgs": {
      "locked": {
        "lastModified": 1738410390,
        "narHash": "sha256-xvTo0Aw0+veek7hvEVLzErmJyQkEcRk6PSR4zsRQFEc=",
        "owner": "nixos",
        "repo": "nixpkgs",
        "rev": "3a228057f5b619feb3186e986dbe76278d707b6e",
        "type": "github"
      },
      "original": {
        "owner": "nixos",
        "ref": "nixos-unstable",
        "repo": "nixpkgs",
        "type": "github"
      }
    },
    "nixpkgs-stable": {
      "locked": {
        "lastModified": 1748421225,
        "narHash": "sha256-XXILOc80tvlvEQgYpYFnze8MkQQmp3eQxFbTzb3m/R0=",
        "owner": "NixOS",
        "repo": "nixpkgs",
        "rev": "78add7b7abb61689e34fc23070a8f55e1d26185b",
        "type": "github"
      },
      "original": {
        "owner": "NixOS",
        "ref": "nixos-24.11",
        "repo": "nixpkgs",
        "type": "github"
      }
    },
    "nixpkgs-unstable": {
      "locked": {
        "lastModified": 1748693115,
        "narHash": "sha256-StSrWhklmDuXT93yc3GrTlb0cKSS0agTAxMGjLKAsY8=",
        "owner": "nixos",
        "repo": "nixpkgs",
        "rev": "910796cabe436259a29a72e8d3f5e180fc6dfacc",
        "type": "github"
      },
      "original": {
        "owner": "nixos",
        "ref": "nixos-unstable",
        "repo": "nixpkgs",
        "type": "github"
      }
    },
    "nixpkgs_2": {
      "locked": {
        "lastModified": 1748437600,
        "narHash": "sha256-hYKMs3ilp09anGO7xzfGs3JqEgUqFMnZ8GMAqI6/k04=",
        "owner": "nixos",
        "repo": "nixpkgs",
        "rev": "7282cb574e0607e65224d33be8241eae7cfe0979",
        "type": "github"
      },
      "original": {
        "owner": "nixos",
        "ref": "nixos-25.05",
        "repo": "nixpkgs",
        "type": "github"
      }
    },
    "nixpkgs_3": {
      "locked": {
        "lastModified": 1748460289,
        "narHash": "sha256-7doLyJBzCllvqX4gszYtmZUToxKvMUrg45EUWaUYmBg=",
        "owner": "nixos",
        "repo": "nixpkgs",
        "rev": "96ec055edbe5ee227f28cdbc3f1ddf1df5965102",
        "type": "github"
      },
      "original": {
        "owner": "nixos",
        "ref": "nixos-unstable",
        "repo": "nixpkgs",
        "type": "github"
      }
    },
    "nur": {
      "inputs": {
        "flake-parts": "flake-parts",
        "nixpkgs": [
          "nixpkgs"
        ],
        "treefmt-nix": "treefmt-nix"
      },
      "locked": {
        "lastModified": 1748778828,
        "narHash": "sha256-8S5G9xO7qoMMO2K85/mZSpFUJzgJJJF3xU5/mHuFJbY=",
        "owner": "nix-community",
        "repo": "NUR",
        "rev": "2786e3c51859ba35e77445105ba32d0a8f894a0f",
        "type": "github"
      },
      "original": {
        "owner": "nix-community",
        "repo": "NUR",
        "type": "github"
      }
    },
    "root": {
      "inputs": {
        "apple-silicon-support": "apple-silicon-support",
        "editor-integration-nvim": "editor-integration-nvim",
        "home-manager": "home-manager",
        "nixos-cosmic": "nixos-cosmic",
        "nixos-hardware": "nixos-hardware",
        "nixpkgs": "nixpkgs_2",
        "nixpkgs-unstable": "nixpkgs-unstable",
        "nur": "nur",
        "winresizer-vim": "winresizer-vim",
        "zen-browser": "zen-browser"
      }
    },
    "rust-overlay": {
      "inputs": {
        "nixpkgs": [
          "nixos-cosmic",
          "nixpkgs"
        ]
      },
      "locked": {
        "lastModified": 1748746145,
        "narHash": "sha256-bwkCAK9pOyI2Ww4Q4oO1Ynv7O9aZPrsIAMMASmhVGp4=",
        "owner": "oxalica",
        "repo": "rust-overlay",
        "rev": "12a0d94a2f2b06714f747ab97b2fa546f46b460c",
        "type": "github"
      },
      "original": {
        "owner": "oxalica",
        "repo": "rust-overlay",
        "type": "github"
      }
    },
    "treefmt-nix": {
      "inputs": {
        "nixpkgs": [
          "nur",
          "nixpkgs"
        ]
      },
      "locked": {
        "lastModified": 1733222881,
        "narHash": "sha256-JIPcz1PrpXUCbaccEnrcUS8jjEb/1vJbZz5KkobyFdM=",
        "owner": "numtide",
        "repo": "treefmt-nix",
        "rev": "49717b5af6f80172275d47a418c9719a31a78b53",
        "type": "github"
      },
      "original": {
        "owner": "numtide",
        "repo": "treefmt-nix",
        "type": "github"
      }
    },
    "winresizer-vim": {
      "flake": false,
      "locked": {
        "lastModified": 1660565878,
        "narHash": "sha256-5LR9A23BvpCBY9QVSF9PadRuDSBjv+knHSmdQn/3mH0=",
        "owner": "simeji",
        "repo": "winresizer",
        "rev": "9bd559a03ccec98a458e60c705547119eb5350f3",
        "type": "github"
      },
      "original": {
        "owner": "simeji",
        "repo": "winresizer",
        "type": "github"
      }
    },
    "zen-browser": {
      "inputs": {
        "nixpkgs": "nixpkgs_3"
      },
      "locked": {
        "lastModified": 1748751444,
        "narHash": "sha256-1IMFUfJ4EKjknh0NvjwyJ7SmhVh3cwipyLhCapxbo2M=",
        "owner": "youwen5",
        "repo": "zen-browser-flake",
        "rev": "599469408c18916f47f0ea82eeb7773349d41028",
        "type": "github"
      },
      "original": {
        "owner": "youwen5",
        "repo": "zen-browser-flake",
        "type": "github"
      }
    }
  },
  "root": "root",
  "version": 7
}
