{
  "nodes": {
    "apple-silicon-support": {
      "inputs": {
        "flake-compat": "flake-compat",
        "nixpkgs": "nixpkgs"
      },
      "locked": {
        "lastModified": 1740604961,
        "narHash": "sha256-eQ7rNsobZem4b82jGLvORfVmUHU4gO5vc41F+hATj/w=",
        "owner": "zzywysm",
        "repo": "nixos-asahi",
        "rev": "6ce92714c9a34a96b13fac54d08b60bac41d65b9",
        "type": "github"
      },
      "original": {
        "owner": "zzywysm",
        "repo": "nixos-asahi",
        "type": "github"
      }
    },
    "chaotic": {
      "inputs": {
        "flake-schemas": "flake-schemas",
        "home-manager": "home-manager",
        "jovian": "jovian",
        "nixpkgs": "nixpkgs_2",
        "rust-overlay": "rust-overlay"
      },
      "locked": {
        "lastModified": 1753288803,
        "narHash": "sha256-g5cfUZYJTNyua3vDyldHmSq+GP7MACYu9DJHHf0V2ho=",
        "owner": "chaotic-cx",
        "repo": "nyx",
        "rev": "00d28b7a8db94c27c8a4915731c9bd561e0c3b16",
        "type": "github"
      },
      "original": {
        "owner": "chaotic-cx",
        "ref": "nyxpkgs-unstable",
        "repo": "nyx",
        "type": "github"
      }
    },
    "editor-integration-nvim": {
      "flake": false,
      "locked": {
        "lastModified": 1739631672,
        "narHash": "sha256-IHOCy46QreubG/Uf9JQ9QJnIf0tfCGV87GhZ2oTAwL0=",
        "owner": "aiken-lang",
        "repo": "editor-integration-nvim",
        "rev": "31bd5f258c2ecc759ab03d7dc5875a9fb70c5bdc",
        "type": "github"
      },
      "original": {
        "owner": "aiken-lang",
        "repo": "editor-integration-nvim",
        "type": "github"
      }
    },
    "flake-compat": {
      "locked": {
        "lastModified": 1688025799,
        "narHash": "sha256-ktpB4dRtnksm9F5WawoIkEneh1nrEvuxb5lJFt1iOyw=",
        "owner": "nix-community",
        "repo": "flake-compat",
        "rev": "8bf105319d44f6b9f0d764efa4fdef9f1cc9ba1c",
        "type": "github"
      },
      "original": {
        "owner": "nix-community",
        "repo": "flake-compat",
        "type": "github"
      }
    },
    "flake-compat_2": {
      "flake": false,
      "locked": {
        "lastModified": 1746162366,
        "narHash": "sha256-5SSSZ/oQkwfcAz/o/6TlejlVGqeK08wyREBQ5qFFPhM=",
        "owner": "nix-community",
        "repo": "flake-compat",
        "rev": "0f158086a2ecdbb138cd0429410e44994f1b7e4b",
        "type": "github"
      },
      "original": {
        "owner": "nix-community",
        "repo": "flake-compat",
        "type": "github"
      }
    },
    "flake-parts": {
      "inputs": {
        "nixpkgs-lib": [
          "nur",
          "nixpkgs"
        ]
      },
      "locked": {
        "lastModified": 1733312601,
        "narHash": "sha256-4pDvzqnegAfRkPwO3wmwBhVi/Sye1mzps0zHWYnP88c=",
        "owner": "hercules-ci",
        "repo": "flake-parts",
        "rev": "205b12d8b7cd4802fbcb8e8ef6a0f1408781a4f9",
        "type": "github"
      },
      "original": {
        "owner": "hercules-ci",
        "repo": "flake-parts",
        "type": "github"
      }
    },
    "flake-schemas": {
      "locked": {
        "lastModified": 1721999734,
        "narHash": "sha256-G5CxYeJVm4lcEtaO87LKzOsVnWeTcHGKbKxNamNWgOw=",
        "rev": "0a5c42297d870156d9c57d8f99e476b738dcd982",
        "revCount": 75,
        "type": "tarball",
        "url": "https://api.flakehub.com/f/pinned/DeterminateSystems/flake-schemas/0.1.5/0190ef2f-61e0-794b-ba14-e82f225e55e6/source.tar.gz"
      },
      "original": {
        "type": "tarball",
        "url": "https://flakehub.com/f/DeterminateSystems/flake-schemas/%3D0.1.5.tar.gz"
      }
    },
    "home-manager": {
      "inputs": {
        "nixpkgs": [
          "chaotic",
          "nixpkgs"
        ]
      },
      "locked": {
        "lastModified": 1753282444,
        "narHash": "sha256-QGeWgozKiGBTJrLYnXd9xwOY9HKsm4cFHsU8fopGVnU=",
        "owner": "nix-community",
        "repo": "home-manager",
        "rev": "62975b8e23c4e39599b3303f6e76faa280a02c63",
        "type": "github"
      },
      "original": {
        "owner": "nix-community",
        "repo": "home-manager",
        "type": "github"
      }
    },
    "home-manager_2": {
      "inputs": {
        "nixpkgs": [
          "nixpkgs"
        ]
      },
      "locked": {
        "lastModified": 1753288231,
        "narHash": "sha256-WcMW9yUDfER8kz4NdCaaI/ep0Ef91L+Nf7MetNzHZc4=",
        "owner": "nix-community",
        "repo": "home-manager",
        "rev": "7b5a978e00273b8676c530c03d315f5b75fae564",
        "type": "github"
      },
      "original": {
        "owner": "nix-community",
        "ref": "release-25.05",
        "repo": "home-manager",
        "type": "github"
      }
    },
    "jovian": {
      "inputs": {
        "nix-github-actions": "nix-github-actions",
        "nixpkgs": [
          "chaotic",
          "nixpkgs"
        ]
      },
      "locked": {
        "lastModified": 1753257349,
        "narHash": "sha256-Zb4528e94DwdUC0rKIX1+EFtkoelggWQakZ/YKemqJ4=",
        "owner": "Jovian-Experiments",
        "repo": "Jovian-NixOS",
        "rev": "e89a3203fbb3a833d7b7777efc13697b6a962cfd",
        "type": "github"
      },
      "original": {
        "owner": "Jovian-Experiments",
        "repo": "Jovian-NixOS",
        "type": "github"
      }
    },
    "nix-github-actions": {
      "inputs": {
        "nixpkgs": [
          "chaotic",
          "jovian",
          "nixpkgs"
        ]
      },
      "locked": {
        "lastModified": 1729697500,
        "narHash": "sha256-VFTWrbzDlZyFHHb1AlKRiD/qqCJIripXKiCSFS8fAOY=",
        "owner": "zhaofengli",
        "repo": "nix-github-actions",
        "rev": "e418aeb728b6aa5ca8c5c71974e7159c2df1d8cf",
        "type": "github"
      },
      "original": {
        "owner": "zhaofengli",
        "ref": "matrix-name",
        "repo": "nix-github-actions",
        "type": "github"
      }
    },
    "nixos-cosmic": {
      "inputs": {
        "flake-compat": "flake-compat_2",
        "nixpkgs": [
          "nixpkgs"
        ],
        "nixpkgs-stable": "nixpkgs-stable",
        "rust-overlay": "rust-overlay_2"
      },
      "locked": {
        "lastModified": 1751591814,
        "narHash": "sha256-A4lgvuj4v+Pr8MniXz1FBG0DXOygi8tTECR+j53FMhM=",
        "owner": "lilyinstarlight",
        "repo": "nixos-cosmic",
        "rev": "fef2d0c78c4e4d6c600a88795af193131ff51bdc",
        "type": "github"
      },
      "original": {
        "owner": "lilyinstarlight",
        "repo": "nixos-cosmic",
        "type": "github"
      }
    },
    "nixos-hardware": {
      "locked": {
        "lastModified": 1753122741,
        "narHash": "sha256-nFxE8lk9JvGelxClCmwuJYftbHqwnc01dRN4DVLUroM=",
        "owner": "nixos",
        "repo": "nixos-hardware",
        "rev": "cc66fddc6cb04ab479a1bb062f4d4da27c936a22",
        "type": "github"
      },
      "original": {
        "owner": "nixos",
        "ref": "master",
        "repo": "nixos-hardware",
        "type": "github"
      }
    },
    "nixpkgs": {
      "locked": {
        "lastModified": 1738410390,
        "narHash": "sha256-xvTo0Aw0+veek7hvEVLzErmJyQkEcRk6PSR4zsRQFEc=",
        "owner": "nixos",
        "repo": "nixpkgs",
        "rev": "3a228057f5b619feb3186e986dbe76278d707b6e",
        "type": "github"
      },
      "original": {
        "owner": "nixos",
        "ref": "nixos-unstable",
        "repo": "nixpkgs",
        "type": "github"
      }
    },
    "nixpkgs-stable": {
      "locked": {
        "lastModified": 1751048012,
        "narHash": "sha256-MYbotu4UjWpTsq01wglhN5xDRfZYLFtNk7SBY0BcjkU=",
        "owner": "NixOS",
        "repo": "nixpkgs",
        "rev": "a684c58d46ebbede49f280b653b9e56100aa3877",
        "type": "github"
      },
      "original": {
        "owner": "NixOS",
        "ref": "nixos-24.11",
        "repo": "nixpkgs",
        "type": "github"
      }
    },
    "nixpkgs-unstable": {
      "locked": {
        "lastModified": 1753151930,
        "narHash": "sha256-XSQy6wRKHhRe//iVY5lS/ZpI/Jn6crWI8fQzl647wCg=",
        "owner": "nixos",
        "repo": "nixpkgs",
        "rev": "83e677f31c84212343f4cc553bab85c2efcad60a",
        "type": "github"
      },
      "original": {
        "owner": "nixos",
        "ref": "nixpkgs-unstable",
        "repo": "nixpkgs",
        "type": "github"
      }
    },
    "nixpkgs_2": {
      "locked": {
        "lastModified": 1752950548,
        "narHash": "sha256-NS6BLD0lxOrnCiEOcvQCDVPXafX1/ek1dfJHX1nUIzc=",
        "owner": "NixOS",
        "repo": "nixpkgs",
        "rev": "c87b95e25065c028d31a94f06a62927d18763fdf",
        "type": "github"
      },
      "original": {
        "owner": "NixOS",
        "ref": "nixos-unstable",
        "repo": "nixpkgs",
        "type": "github"
      }
    },
    "nixpkgs_3": {
      "locked": {
        "lastModified": 1753115646,
        "narHash": "sha256-yLuz5cz5Z+sn8DRAfNkrd2Z1cV6DaYO9JMrEz4KZo/c=",
        "owner": "nixos",
        "repo": "nixpkgs",
        "rev": "92c2e04a475523e723c67ef872d8037379073681",
        "type": "github"
      },
      "original": {
        "owner": "nixos",
        "ref": "nixos-25.05",
        "repo": "nixpkgs",
        "type": "github"
      }
    },
    "nixpkgs_4": {
      "locked": {
        "lastModified": 1752480373,
        "narHash": "sha256-JHQbm+OcGp32wAsXTE/FLYGNpb+4GLi5oTvCxwSoBOA=",
        "owner": "nixos",
        "repo": "nixpkgs",
        "rev": "62e0f05ede1da0d54515d4ea8ce9c733f12d9f08",
        "type": "github"
      },
      "original": {
        "owner": "nixos",
        "ref": "nixos-unstable",
        "repo": "nixpkgs",
        "type": "github"
      }
    },
    "nur": {
      "inputs": {
        "flake-parts": "flake-parts",
        "nixpkgs": [
          "nixpkgs"
        ]
      },
      "locked": {
        "lastModified": 1753313592,
        "narHash": "sha256-kMh96z3607Qb6DMtomut7NowXC7ipKgS24LWHHzGiCA=",
        "owner": "nix-community",
        "repo": "NUR",
        "rev": "4d05540811f7a58b3b827b69eff2df11b680a6bb",
        "type": "github"
      },
      "original": {
        "owner": "nix-community",
        "repo": "NUR",
        "type": "github"
      }
    },
    "root": {
      "inputs": {
        "apple-silicon-support": "apple-silicon-support",
        "chaotic": "chaotic",
        "editor-integration-nvim": "editor-integration-nvim",
        "home-manager": "home-manager_2",
        "nixos-cosmic": "nixos-cosmic",
        "nixos-hardware": "nixos-hardware",
        "nixpkgs": "nixpkgs_3",
        "nixpkgs-unstable": "nixpkgs-unstable",
        "nur": "nur",
        "winresizer-vim": "winresizer-vim",
        "zen-browser": "zen-browser"
      }
    },
    "rust-overlay": {
      "inputs": {
        "nixpkgs": [
          "chaotic",
          "nixpkgs"
        ]
      },
      "locked": {
        "lastModified": 1753238793,
        "narHash": "sha256-jmQeEpgX+++MEgrcikcwoSiI7vDZWLP0gci7XiWb9uQ=",
        "owner": "oxalica",
        "repo": "rust-overlay",
        "rev": "0ad7ab4ca8e83febf147197e65c006dff60623ab",
        "type": "github"
      },
      "original": {
        "owner": "oxalica",
        "repo": "rust-overlay",
        "type": "github"
      }
    },
    "rust-overlay_2": {
      "inputs": {
        "nixpkgs": [
          "nixos-cosmic",
          "nixpkgs"
        ]
      },
      "locked": {
        "lastModified": 1751251399,
        "narHash": "sha256-y+viCuy/eKKpkX1K2gDvXIJI/yzvy6zA3HObapz9XZ0=",
        "owner": "oxalica",
        "repo": "rust-overlay",
        "rev": "b22d5ee8c60ed1291521f2dde48784edd6bf695b",
        "type": "github"
      },
      "original": {
        "owner": "oxalica",
        "repo": "rust-overlay",
        "type": "github"
      }
    },
    "winresizer-vim": {
      "flake": false,
      "locked": {
        "lastModified": 1660565878,
        "narHash": "sha256-5LR9A23BvpCBY9QVSF9PadRuDSBjv+knHSmdQn/3mH0=",
        "owner": "simeji",
        "repo": "winresizer",
        "rev": "9bd559a03ccec98a458e60c705547119eb5350f3",
        "type": "github"
      },
      "original": {
        "owner": "simeji",
        "repo": "winresizer",
        "type": "github"
      }
    },
    "zen-browser": {
      "inputs": {
        "nixpkgs": "nixpkgs_4"
      },
      "locked": {
        "lastModified": 1752725859,
        "narHash": "sha256-kjpmc7Y164ajPdscAZLFQTtzXP5sEE2dR30NuHe5lQY=",
        "owner": "youwen5",
        "repo": "zen-browser-flake",
        "rev": "2276ddce91a949e0819d9e8c4b171c40ce770390",
        "type": "github"
      },
      "original": {
        "owner": "youwen5",
        "repo": "zen-browser-flake",
        "type": "github"
      }
    }
  },
  "root": "root",
  "version": 7
}
