{
  "nodes": {
    "apple-silicon-support": {
      "inputs": {
        "flake-compat": "flake-compat",
        "nixpkgs": "nixpkgs"
      },
      "locked": {
        "lastModified": 1740604961,
        "narHash": "sha256-eQ7rNsobZem4b82jGLvORfVmUHU4gO5vc41F+hATj/w=",
        "owner": "zzywysm",
        "repo": "nixos-asahi",
        "rev": "6ce92714c9a34a96b13fac54d08b60bac41d65b9",
        "type": "github"
      },
      "original": {
        "owner": "zzywysm",
        "repo": "nixos-asahi",
        "type": "github"
      }
    },
    "editor-integration-nvim": {
      "flake": false,
      "locked": {
        "lastModified": 1739631672,
        "narHash": "sha256-IHOCy46QreubG/Uf9JQ9QJnIf0tfCGV87GhZ2oTAwL0=",
        "owner": "aiken-lang",
        "repo": "editor-integration-nvim",
        "rev": "31bd5f258c2ecc759ab03d7dc5875a9fb70c5bdc",
        "type": "github"
      },
      "original": {
        "owner": "aiken-lang",
        "repo": "editor-integration-nvim",
        "type": "github"
      }
    },
    "flake-compat": {
      "locked": {
        "lastModified": 1688025799,
        "narHash": "sha256-ktpB4dRtnksm9F5WawoIkEneh1nrEvuxb5lJFt1iOyw=",
        "owner": "nix-community",
        "repo": "flake-compat",
        "rev": "8bf105319d44f6b9f0d764efa4fdef9f1cc9ba1c",
        "type": "github"
      },
      "original": {
        "owner": "nix-community",
        "repo": "flake-compat",
        "type": "github"
      }
    },
    "flake-compat_2": {
      "flake": false,
      "locked": {
        "lastModified": 1746162366,
        "narHash": "sha256-5SSSZ/oQkwfcAz/o/6TlejlVGqeK08wyREBQ5qFFPhM=",
        "owner": "nix-community",
        "repo": "flake-compat",
        "rev": "0f158086a2ecdbb138cd0429410e44994f1b7e4b",
        "type": "github"
      },
      "original": {
        "owner": "nix-community",
        "repo": "flake-compat",
        "type": "github"
      }
    },
    "home-manager": {
      "inputs": {
        "nixpkgs": [
          "nixpkgs"
        ]
      },
      "locked": {
        "lastModified": 1747184352,
        "narHash": "sha256-GBZulv50wztp5cgc405t1uOkxQYhSkMqeKLI+iSrlpk=",
        "owner": "nix-community",
        "repo": "home-manager",
        "rev": "7c1cefb98369cc85440642fdccc1c1394ca6dd2c",
        "type": "github"
      },
      "original": {
        "owner": "nix-community",
        "ref": "master",
        "repo": "home-manager",
        "type": "github"
      }
    },
    "nixos-cosmic": {
      "inputs": {
        "flake-compat": "flake-compat_2",
        "nixpkgs": [
          "nixpkgs"
        ],
        "nixpkgs-stable": "nixpkgs-stable",
        "rust-overlay": "rust-overlay"
      },
      "locked": {
        "lastModified": 1747134561,
        "narHash": "sha256-aMmu9e2uH7rLCuGn46EpjlRRA7ialRK1IZXu53UAR4s=",
        "owner": "lilyinstarlight",
        "repo": "nixos-cosmic",
        "rev": "b5009fbd6ac6f1e550b00c9b8539548d7b678c01",
        "type": "github"
      },
      "original": {
        "owner": "lilyinstarlight",
        "repo": "nixos-cosmic",
        "type": "github"
      }
    },
    "nixos-hardware": {
      "locked": {
        "lastModified": 1747129300,
        "narHash": "sha256-L3clA5YGeYCF47ghsI7Tcex+DnaaN/BbQ4dR2wzoiKg=",
        "owner": "nixos",
        "repo": "nixos-hardware",
        "rev": "e81fd167b33121269149c57806599045fd33eeed",
        "type": "github"
      },
      "original": {
        "owner": "nixos",
        "ref": "master",
        "repo": "nixos-hardware",
        "type": "github"
      }
    },
    "nixpkgs": {
      "locked": {
        "lastModified": 1738410390,
        "narHash": "sha256-xvTo0Aw0+veek7hvEVLzErmJyQkEcRk6PSR4zsRQFEc=",
        "owner": "nixos",
        "repo": "nixpkgs",
        "rev": "3a228057f5b619feb3186e986dbe76278d707b6e",
        "type": "github"
      },
      "original": {
        "owner": "nixos",
        "ref": "nixos-unstable",
        "repo": "nixpkgs",
        "type": "github"
      }
    },
    "nixpkgs-private": {
      "locked": {
        "lastModified": 1744482023,
        "narHash": "sha256-JuZ+0ifHxTe/yty+ARr37zsvr5axUpEhF6JTCChN4Ws=",
        "owner": "sayidabyan",
        "repo": "nixpkgs",
        "rev": "d2e0a68eefb7009e1638d7e817df7088fd505509",
        "type": "github"
      },
      "original": {
        "owner": "sayidabyan",
        "ref": "zen-browser",
        "repo": "nixpkgs",
        "type": "github"
      }
    },
    "nixpkgs-stable": {
      "locked": {
        "lastModified": 1746957726,
        "narHash": "sha256-k9ut1LSfHCr0AW82ttEQzXVCqmyWVA5+SHJkS5ID/Jo=",
        "owner": "NixOS",
        "repo": "nixpkgs",
        "rev": "a39ed32a651fdee6842ec930761e31d1f242cb94",
        "type": "github"
      },
      "original": {
        "owner": "NixOS",
        "ref": "nixos-24.11",
        "repo": "nixpkgs",
        "type": "github"
      }
    },
    "nixpkgs-unstable": {
      "locked": {
        "lastModified": 1746904237,
        "narHash": "sha256-3e+AVBczosP5dCLQmMoMEogM57gmZ2qrVSrmq9aResQ=",
        "owner": "nixos",
        "repo": "nixpkgs",
        "rev": "d89fc19e405cb2d55ce7cc114356846a0ee5e956",
        "type": "github"
      },
      "original": {
        "owner": "nixos",
        "ref": "nixos-unstable",
        "repo": "nixpkgs",
        "type": "github"
      }
    },
    "nixpkgs_2": {
      "locked": {
        "lastModified": 1746904237,
        "narHash": "sha256-3e+AVBczosP5dCLQmMoMEogM57gmZ2qrVSrmq9aResQ=",
        "owner": "nixos",
        "repo": "nixpkgs",
        "rev": "d89fc19e405cb2d55ce7cc114356846a0ee5e956",
        "type": "github"
      },
      "original": {
        "owner": "nixos",
        "ref": "nixos-unstable",
        "repo": "nixpkgs",
        "type": "github"
      }
    },
    "nixpkgs_3": {
      "locked": {
        "lastModified": 1746663147,
        "narHash": "sha256-Ua0drDHawlzNqJnclTJGf87dBmaO/tn7iZ+TCkTRpRc=",
        "owner": "nixos",
        "repo": "nixpkgs",
        "rev": "dda3dcd3fe03e991015e9a74b22d35950f264a54",
        "type": "github"
      },
      "original": {
        "owner": "nixos",
        "ref": "nixos-unstable",
        "repo": "nixpkgs",
        "type": "github"
      }
    },
    "root": {
      "inputs": {
        "apple-silicon-support": "apple-silicon-support",
        "editor-integration-nvim": "editor-integration-nvim",
        "home-manager": "home-manager",
        "nixos-cosmic": "nixos-cosmic",
        "nixos-hardware": "nixos-hardware",
        "nixpkgs": "nixpkgs_2",
        "nixpkgs-private": "nixpkgs-private",
        "nixpkgs-unstable": "nixpkgs-unstable",
        "winresizer-vim": "winresizer-vim",
        "zen-browser": "zen-browser"
      }
    },
    "rust-overlay": {
      "inputs": {
        "nixpkgs": [
          "nixos-cosmic",
          "nixpkgs"
        ]
      },
      "locked": {
        "lastModified": 1747103809,
        "narHash": "sha256-a3Yk+CoFmNw7V8J/si/AM8WuI/qTxQhiJpuQ7HFl774=",
        "owner": "oxalica",
        "repo": "rust-overlay",
        "rev": "fe36c63649875f391949e8b2ec33949d0cd8aa95",
        "type": "github"
      },
      "original": {
        "owner": "oxalica",
        "repo": "rust-overlay",
        "type": "github"
      }
    },
    "winresizer-vim": {
      "flake": false,
      "locked": {
        "lastModified": 1660565878,
        "narHash": "sha256-5LR9A23BvpCBY9QVSF9PadRuDSBjv+knHSmdQn/3mH0=",
        "owner": "simeji",
        "repo": "winresizer",
        "rev": "9bd559a03ccec98a458e60c705547119eb5350f3",
        "type": "github"
      },
      "original": {
        "owner": "simeji",
        "repo": "winresizer",
        "type": "github"
      }
    },
    "zen-browser": {
      "inputs": {
        "nixpkgs": "nixpkgs_3"
      },
      "locked": {
        "lastModified": 1746763614,
        "narHash": "sha256-tfBsztz6aUcfIFK8Sewn44mkMXZs8rRQfmHBjVhkUBM=",
        "owner": "youwen5",
        "repo": "zen-browser-flake",
        "rev": "154aa27229783bca87c3ea3ac4ef32ab9b99cdb6",
        "type": "github"
      },
      "original": {
        "owner": "youwen5",
        "repo": "zen-browser-flake",
        "type": "github"
      }
    }
  },
  "root": "root",
  "version": 7
}
